
Microsoft Visual Studio Solution File, Format Version 12.00
# Visual Studio 15
VisualStudioVersion = 15.0.27703.2047
MinimumVisualStudioVersion = 10.0.40219.1
Project("{FAE04EC0-301F-11D3-BF4B-00C04F79EFBC}") = "WindowsFormsApp9", "WindowsFormsApp9\WindowsFormsApp9.csproj", "{C2C5CB6E-E8D9-446C-84E4-25C180CDBD72}"
EndProject
Global
	GlobalSection(SolutionConfigurationPlatforms) = preSolution
		Debug|Any CPU = Debug|Any CPU
		Release|Any CPU = Release|Any CPU
	EndGlobalSection
	GlobalSection(ProjectConfigurationPlatforms) = postSolution
		{C2C5CB6E-E8D9-446C-84E4-25C180CDBD72}.Debug|Any CPU.ActiveCfg = Debug|Any CPU
		{C2C5CB6E-E8D9-446C-84E4-25C180CDBD72}.Debug|Any CPU.Build.0 = Debug|Any CPU
		{C2C5CB6E-E8D9-446C-84E4-25C180CDBD72}.Release|Any CPU.ActiveCfg = Release|Any CPU
		{C2C5CB6E-E8D9-446C-84E4-25C180CDBD72}.Release|Any CPU.Build.0 = Release|Any CPU
	EndGlobalSection
	GlobalSection(SolutionProperties) = preSolution
		HideSolutionNode = FALSE
	EndGlobalSection
	GlobalSection(ExtensibilityGlobals) = postSolution
		SolutionGuid = {7235E1A4-21D8-4380-B55A-F545D4993B00}
	EndGlobalSection
EndGlobal
