
Microsoft Visual Studio Solution File, Format Version 12.00
# Visual Studio 15
VisualStudioVersion = 15.0.27703.2047
MinimumVisualStudioVersion = 10.0.40219.1
Project("{FAE04EC0-301F-11D3-BF4B-00C04F79EFBC}") = "WindowsFormsApp11", "WindowsFormsApp11\WindowsFormsApp11.csproj", "{0E6F285E-BCE9-46B5-AD4F-5B923A9F0EF0}"
EndProject
Global
	GlobalSection(SolutionConfigurationPlatforms) = preSolution
		Debug|Any CPU = Debug|Any CPU
		Release|Any CPU = Release|Any CPU
	EndGlobalSection
	GlobalSection(ProjectConfigurationPlatforms) = postSolution
		{0E6F285E-BCE9-46B5-AD4F-5B923A9F0EF0}.Debug|Any CPU.ActiveCfg = Debug|Any CPU
		{0E6F285E-BCE9-46B5-AD4F-5B923A9F0EF0}.Debug|Any CPU.Build.0 = Debug|Any CPU
		{0E6F285E-BCE9-46B5-AD4F-5B923A9F0EF0}.Release|Any CPU.ActiveCfg = Release|Any CPU
		{0E6F285E-BCE9-46B5-AD4F-5B923A9F0EF0}.Release|Any CPU.Build.0 = Release|Any CPU
	EndGlobalSection
	GlobalSection(SolutionProperties) = preSolution
		HideSolutionNode = FALSE
	EndGlobalSection
	GlobalSection(ExtensibilityGlobals) = postSolution
		SolutionGuid = {1E0E69C3-C1BB-48F4-83CA-A1C0B20C5068}
	EndGlobalSection
EndGlobal
