
Microsoft Visual Studio Solution File, Format Version 12.00
# Visual Studio Version 17
VisualStudioVersion = 17.6.33606.364
MinimumVisualStudioVersion = 10.0.40219.1

Project("{9A19103F-16F7-4668-BE54-9A1E7A4F7556}") = "WpfMessageBoxEx", "WpfMessageBoxEx\WpfMessageBoxEx.csproj", "{F00F9C8D-4FAD-4ACA-BD40-75CEB10C6760}"
EndProject
Project("{9A19103F-16F7-4668-BE54-9A1E7A4F7556}") = "WpfReporter", "WpfReporter\WpfReporter.csproj", "{67981666-92AC-4CA6-8311-B6A65296A700}"
EndProject
Project("{9A19103F-16F7-4668-BE54-9A1E7A4F7556}") = "LogOnHelper", "SQLServerLogin\LogOnHelper.csproj", "{109F7496-230E-4CA6-806E-5E767967228C}"
EndProject
Project("{9A19103F-16F7-4668-BE54-9A1E7A4F7556}") = "FluentDiplomTrains", "FluentDiplomTrains\FluentDiplomTrains.csproj", "{F63141B5-E83D-4F7D-9A30-90B9088E34F0}"
EndProject
Project("{FAE04EC0-301F-11D3-BF4B-00C04F79EFBC}") = "DataBaseConnectors", "DataBaseConnectors\DataBaseConnectors.csproj", "{C4319231-16E9-4449-9832-5A6884353055}"
EndProject
Project("{FAE04EC0-301F-11D3-BF4B-00C04F79EFBC}") = "TrainsMauiHybrid", "TrainsMauiHybrid\TrainsMauiHybrid.csproj", "{A23FD064-C97B-4A3C-BFAC-56F9598A2420}"
EndProject
Global
	GlobalSection(SolutionConfigurationPlatforms) = preSolution
		Debug|Any CPU = Debug|Any CPU
		Release|Any CPU = Release|Any CPU
	EndGlobalSection
	GlobalSection(ProjectConfigurationPlatforms) = postSolution
		{97945356-C5B5-4F40-A12F-AF1B1EC162DE}.Debug|Any CPU.ActiveCfg = Debug|Any CPU
		{97945356-C5B5-4F40-A12F-AF1B1EC162DE}.Debug|Any CPU.Build.0 = Debug|Any CPU
		{97945356-C5B5-4F40-A12F-AF1B1EC162DE}.Release|Any CPU.ActiveCfg = Release|Any CPU
		{97945356-C5B5-4F40-A12F-AF1B1EC162DE}.Release|Any CPU.Build.0 = Release|Any CPU
		{F00F9C8D-4FAD-4ACA-BD40-75CEB10C6760}.Debug|Any CPU.ActiveCfg = Debug|Any CPU
		{F00F9C8D-4FAD-4ACA-BD40-75CEB10C6760}.Debug|Any CPU.Build.0 = Debug|Any CPU
		{F00F9C8D-4FAD-4ACA-BD40-75CEB10C6760}.Release|Any CPU.ActiveCfg = Release|Any CPU
		{F00F9C8D-4FAD-4ACA-BD40-75CEB10C6760}.Release|Any CPU.Build.0 = Release|Any CPU
		{67981666-92AC-4CA6-8311-B6A65296A700}.Debug|Any CPU.ActiveCfg = Debug|Any CPU
		{67981666-92AC-4CA6-8311-B6A65296A700}.Debug|Any CPU.Build.0 = Debug|Any CPU
		{67981666-92AC-4CA6-8311-B6A65296A700}.Release|Any CPU.ActiveCfg = Release|Any CPU
		{67981666-92AC-4CA6-8311-B6A65296A700}.Release|Any CPU.Build.0 = Release|Any CPU
		{109F7496-230E-4CA6-806E-5E767967228C}.Debug|Any CPU.ActiveCfg = Debug|Any CPU
		{109F7496-230E-4CA6-806E-5E767967228C}.Debug|Any CPU.Build.0 = Debug|Any CPU
		{109F7496-230E-4CA6-806E-5E767967228C}.Release|Any CPU.ActiveCfg = Release|Any CPU
		{109F7496-230E-4CA6-806E-5E767967228C}.Release|Any CPU.Build.0 = Release|Any CPU
		{F63141B5-E83D-4F7D-9A30-90B9088E34F0}.Debug|Any CPU.ActiveCfg = Debug|Any CPU
		{F63141B5-E83D-4F7D-9A30-90B9088E34F0}.Debug|Any CPU.Build.0 = Debug|Any CPU
		{F63141B5-E83D-4F7D-9A30-90B9088E34F0}.Release|Any CPU.ActiveCfg = Release|Any CPU
		{F63141B5-E83D-4F7D-9A30-90B9088E34F0}.Release|Any CPU.Build.0 = Release|Any CPU
		{C4319231-16E9-4449-9832-5A6884353055}.Debug|Any CPU.ActiveCfg = Debug|Any CPU
		{C4319231-16E9-4449-9832-5A6884353055}.Debug|Any CPU.Build.0 = Debug|Any CPU
		{C4319231-16E9-4449-9832-5A6884353055}.Release|Any CPU.ActiveCfg = Release|Any CPU
		{C4319231-16E9-4449-9832-5A6884353055}.Release|Any CPU.Build.0 = Release|Any CPU
		{A23FD064-C97B-4A3C-BFAC-56F9598A2420}.Debug|Any CPU.ActiveCfg = Debug|Any CPU
		{A23FD064-C97B-4A3C-BFAC-56F9598A2420}.Debug|Any CPU.Build.0 = Debug|Any CPU
		{A23FD064-C97B-4A3C-BFAC-56F9598A2420}.Release|Any CPU.ActiveCfg = Release|Any CPU
		{A23FD064-C97B-4A3C-BFAC-56F9598A2420}.Release|Any CPU.Build.0 = Release|Any CPU
	EndGlobalSection
	GlobalSection(SolutionProperties) = preSolution
		HideSolutionNode = FALSE
	EndGlobalSection
	GlobalSection(ExtensibilityGlobals) = postSolution
		SolutionGuid = {E0FF6552-A996-45D9-AB1C-EA7D008521E9}
	EndGlobalSection
EndGlobal
