
Microsoft Visual Studio Solution File, Format Version 12.00
# Visual Studio Version 16
VisualStudioVersion = 16.0.31507.150
MinimumVisualStudioVersion = 10.0.40219.1
Project("{FAE04EC0-301F-11D3-BF4B-00C04F79EFBC}") = "ZADANIE65", "ZADANIE65\ZADANIE65.csproj", "{ACED1616-A8E2-475C-8152-590E290E6320}"
EndProject
Global
	GlobalSection(SolutionConfigurationPlatforms) = preSolution
		Debug|Any CPU = Debug|Any CPU
		Release|Any CPU = Release|Any CPU
	EndGlobalSection
	GlobalSection(ProjectConfigurationPlatforms) = postSolution
		{ACED1616-A8E2-475C-8152-590E290E6320}.Debug|Any CPU.ActiveCfg = Debug|Any CPU
		{ACED1616-A8E2-475C-8152-590E290E6320}.Debug|Any CPU.Build.0 = Debug|Any CPU
		{ACED1616-A8E2-475C-8152-590E290E6320}.Release|Any CPU.ActiveCfg = Release|Any CPU
		{ACED1616-A8E2-475C-8152-590E290E6320}.Release|Any CPU.Build.0 = Release|Any CPU
	EndGlobalSection
	GlobalSection(SolutionProperties) = preSolution
		HideSolutionNode = FALSE
	EndGlobalSection
	GlobalSection(ExtensibilityGlobals) = postSolution
		SolutionGuid = {A0E5B0E3-55D1-4078-8CC7-AA65B87C6F05}
	EndGlobalSection
EndGlobal
