
Microsoft Visual Studio Solution File, Format Version 12.00
# Visual Studio Version 17
VisualStudioVersion = 17.1.31911.260
MinimumVisualStudioVersion = 10.0.40219.1
Project("{FAE04EC0-301F-11D3-BF4B-00C04F79EFBC}") = "UWPKursovayaAvtobus", "UWPKursovayaAvtobus\UWPKursovayaAvtobus.csproj", "{5AA5D68C-981B-4C0C-B80A-BD0FB294642A}"
EndProject
Global
	GlobalSection(SolutionConfigurationPlatforms) = preSolution
		Debug|ARM = Debug|ARM
		Debug|ARM64 = Debug|ARM64
		Debug|x64 = Debug|x64
		Debug|x86 = Debug|x86
		Release|ARM = Release|ARM
		Release|ARM64 = Release|ARM64
		Release|x64 = Release|x64
		Release|x86 = Release|x86
	EndGlobalSection
	GlobalSection(ProjectConfigurationPlatforms) = postSolution
		{5AA5D68C-981B-4C0C-B80A-BD0FB294642A}.Debug|ARM.ActiveCfg = Debug|ARM
		{5AA5D68C-981B-4C0C-B80A-BD0FB294642A}.Debug|ARM.Build.0 = Debug|ARM
		{5AA5D68C-981B-4C0C-B80A-BD0FB294642A}.Debug|ARM.Deploy.0 = Debug|ARM
		{5AA5D68C-981B-4C0C-B80A-BD0FB294642A}.Debug|ARM64.ActiveCfg = Debug|ARM64
		{5AA5D68C-981B-4C0C-B80A-BD0FB294642A}.Debug|ARM64.Build.0 = Debug|ARM64
		{5AA5D68C-981B-4C0C-B80A-BD0FB294642A}.Debug|ARM64.Deploy.0 = Debug|ARM64
		{5AA5D68C-981B-4C0C-B80A-BD0FB294642A}.Debug|x64.ActiveCfg = Debug|x64
		{5AA5D68C-981B-4C0C-B80A-BD0FB294642A}.Debug|x64.Build.0 = Debug|x64
		{5AA5D68C-981B-4C0C-B80A-BD0FB294642A}.Debug|x64.Deploy.0 = Debug|x64
		{5AA5D68C-981B-4C0C-B80A-BD0FB294642A}.Debug|x86.ActiveCfg = Debug|x86
		{5AA5D68C-981B-4C0C-B80A-BD0FB294642A}.Debug|x86.Build.0 = Debug|x86
		{5AA5D68C-981B-4C0C-B80A-BD0FB294642A}.Debug|x86.Deploy.0 = Debug|x86
		{5AA5D68C-981B-4C0C-B80A-BD0FB294642A}.Release|ARM.ActiveCfg = Release|ARM
		{5AA5D68C-981B-4C0C-B80A-BD0FB294642A}.Release|ARM.Build.0 = Release|ARM
		{5AA5D68C-981B-4C0C-B80A-BD0FB294642A}.Release|ARM.Deploy.0 = Release|ARM
		{5AA5D68C-981B-4C0C-B80A-BD0FB294642A}.Release|ARM64.ActiveCfg = Release|ARM64
		{5AA5D68C-981B-4C0C-B80A-BD0FB294642A}.Release|ARM64.Build.0 = Release|ARM64
		{5AA5D68C-981B-4C0C-B80A-BD0FB294642A}.Release|ARM64.Deploy.0 = Release|ARM64
		{5AA5D68C-981B-4C0C-B80A-BD0FB294642A}.Release|x64.ActiveCfg = Release|x64
		{5AA5D68C-981B-4C0C-B80A-BD0FB294642A}.Release|x64.Build.0 = Release|x64
		{5AA5D68C-981B-4C0C-B80A-BD0FB294642A}.Release|x64.Deploy.0 = Release|x64
		{5AA5D68C-981B-4C0C-B80A-BD0FB294642A}.Release|x86.ActiveCfg = Release|x86
		{5AA5D68C-981B-4C0C-B80A-BD0FB294642A}.Release|x86.Build.0 = Release|x86
		{5AA5D68C-981B-4C0C-B80A-BD0FB294642A}.Release|x86.Deploy.0 = Release|x86
	EndGlobalSection
	GlobalSection(SolutionProperties) = preSolution
		HideSolutionNode = FALSE
	EndGlobalSection
	GlobalSection(ExtensibilityGlobals) = postSolution
		SolutionGuid = {924550AF-258F-4F13-B427-BE1962314495}
	EndGlobalSection
EndGlobal
